PODS:
  - HLKit (0.1.3):
    - HLKit/Category (= 0.1.3)
    - "HLKit/简单工厂模式 (= 0.1.3)"
  - HLKit/Category (0.1.3)
  - "HLKit/简单工厂模式 (0.1.3)"

DEPENDENCIES:
  - HLKit (from `../`)

EXTERNAL SOURCES:
  HLKit:
    :path: "../"

SPEC CHECKSUMS:
  HLKit: 91fc9bb6f9e4e73c38a2709e27c0d1dfdee4ab4e

PODFILE CHECKSUM: 50ddce2be98901b2e05e271e269afd211df8297c

COCOAPODS: 1.9.3
